
Microsoft Visual Studio Solution File, Format Version 12.00
# Visual Studio 15
VisualStudioVersion = 15.0.28307.271
MinimumVisualStudioVersion = 10.0.40219.1
Project("{FAE04EC0-301F-11D3-BF4B-00C04F79EFBC}") = "ProductivitySite.Server", "ProductivitySite.Server\ProductivitySite.Server.csproj", "{E27843F8-85B7-4958-B8F5-5FD9C7B728AA}"
EndProject
Project("{FAE04EC0-301F-11D3-BF4B-00C04F79EFBC}") = "ProductivitySite.App", "ProductivitySite.App\ProductivitySite.App.csproj", "{060B5A0A-48AB-4228-9B7D-38F691850811}"
EndProject
Project("{FAE04EC0-301F-11D3-BF4B-00C04F79EFBC}") = "ProductivitySite.App.Tests", "ProductivitySite.App.Tests\ProductivitySite.App.Tests.csproj", "{D9E67CC1-5761-4A1D-8422-DEC090C6B5F8}"
EndProject
Global
	GlobalSection(SolutionConfigurationPlatforms) = preSolution
		Debug|Any CPU = Debug|Any CPU
		Release|Any CPU = Release|Any CPU
	EndGlobalSection
	GlobalSection(ProjectConfigurationPlatforms) = postSolution
		{E27843F8-85B7-4958-B8F5-5FD9C7B728AA}.Debug|Any CPU.ActiveCfg = Debug|Any CPU
		{E27843F8-85B7-4958-B8F5-5FD9C7B728AA}.Debug|Any CPU.Build.0 = Debug|Any CPU
		{E27843F8-85B7-4958-B8F5-5FD9C7B728AA}.Release|Any CPU.ActiveCfg = Release|Any CPU
		{E27843F8-85B7-4958-B8F5-5FD9C7B728AA}.Release|Any CPU.Build.0 = Release|Any CPU
		{060B5A0A-48AB-4228-9B7D-38F691850811}.Debug|Any CPU.ActiveCfg = Debug|Any CPU
		{060B5A0A-48AB-4228-9B7D-38F691850811}.Debug|Any CPU.Build.0 = Debug|Any CPU
		{060B5A0A-48AB-4228-9B7D-38F691850811}.Release|Any CPU.ActiveCfg = Release|Any CPU
		{060B5A0A-48AB-4228-9B7D-38F691850811}.Release|Any CPU.Build.0 = Release|Any CPU
		{D9E67CC1-5761-4A1D-8422-DEC090C6B5F8}.Debug|Any CPU.ActiveCfg = Debug|Any CPU
		{D9E67CC1-5761-4A1D-8422-DEC090C6B5F8}.Debug|Any CPU.Build.0 = Debug|Any CPU
		{D9E67CC1-5761-4A1D-8422-DEC090C6B5F8}.Release|Any CPU.ActiveCfg = Release|Any CPU
		{D9E67CC1-5761-4A1D-8422-DEC090C6B5F8}.Release|Any CPU.Build.0 = Release|Any CPU
	EndGlobalSection
	GlobalSection(SolutionProperties) = preSolution
		HideSolutionNode = FALSE
	EndGlobalSection
	GlobalSection(ExtensibilityGlobals) = postSolution
		SolutionGuid = {777341A5-FF71-4E0D-98DD-A629E5C691A4}
	EndGlobalSection
EndGlobal
